
Microsoft Visual Studio Solution File, Format Version 12.00
# Visual Studio 15
VisualStudioVersion = 15.0.28307.572
MinimumVisualStudioVersion = 10.0.40219.1
Project("{FAE04EC0-301F-11D3-BF4B-00C04F79EFBC}") = "MusicStore", "MusicStore\MusicStore.csproj", "{8F5A98B5-1FD2-4228-9348-D14D2011574A}"
EndProject
Project("{FAE04EC0-301F-11D3-BF4B-00C04F79EFBC}") = "MusicStore.Tests", "MusicStore.Tests\MusicStore.Tests.csproj", "{9006F15E-DED5-4260-A20D-840AEF0216CA}"
EndProject
Global
	GlobalSection(SolutionConfigurationPlatforms) = preSolution
		Debug|Any CPU = Debug|Any CPU
		Release|Any CPU = Release|Any CPU
	EndGlobalSection
	GlobalSection(ProjectConfigurationPlatforms) = postSolution
		{8F5A98B5-1FD2-4228-9348-D14D2011574A}.Debug|Any CPU.ActiveCfg = Debug|Any CPU
		{8F5A98B5-1FD2-4228-9348-D14D2011574A}.Debug|Any CPU.Build.0 = Debug|Any CPU
		{8F5A98B5-1FD2-4228-9348-D14D2011574A}.Release|Any CPU.ActiveCfg = Release|Any CPU
		{8F5A98B5-1FD2-4228-9348-D14D2011574A}.Release|Any CPU.Build.0 = Release|Any CPU
		{9006F15E-DED5-4260-A20D-840AEF0216CA}.Debug|Any CPU.ActiveCfg = Debug|Any CPU
		{9006F15E-DED5-4260-A20D-840AEF0216CA}.Debug|Any CPU.Build.0 = Debug|Any CPU
		{9006F15E-DED5-4260-A20D-840AEF0216CA}.Release|Any CPU.ActiveCfg = Release|Any CPU
		{9006F15E-DED5-4260-A20D-840AEF0216CA}.Release|Any CPU.Build.0 = Release|Any CPU
	EndGlobalSection
	GlobalSection(SolutionProperties) = preSolution
		HideSolutionNode = FALSE
	EndGlobalSection
	GlobalSection(ExtensibilityGlobals) = postSolution
		SolutionGuid = {6610B447-C25A-4CE5-9ACF-F5AC5550C54E}
	EndGlobalSection
EndGlobal
